
Microsoft Visual Studio Solution File, Format Version 12.00
# Visual Studio 15
VisualStudioVersion = 15.0.26228.4
MinimumVisualStudioVersion = 10.0.40219.1
Project("{E24C65DC-7377-472B-9ABA-BC803B73C61A}") = "PublishedIMS", "InboundTaxInterceptJob\PublishedIMS\", "{A1B3F2D4-E5F9-4603-A842-1463290DB7F0}"
	ProjectSection(WebsiteProperties) = preProject
		TargetFrameworkMoniker = ".NETFramework,Version%3Dv4.5.2"
		Debug.AspNetCompiler.VirtualPath = "/localhost_56831"
		Debug.AspNetCompiler.PhysicalPath = "InboundTaxInterceptJob\PublishedIMS\"
		Debug.AspNetCompiler.TargetPath = "PrecompiledWeb\localhost_56831\"
		Debug.AspNetCompiler.Updateable = "true"
		Debug.AspNetCompiler.ForceOverwrite = "true"
		Debug.AspNetCompiler.FixedNames = "false"
		Debug.AspNetCompiler.Debug = "True"
		Release.AspNetCompiler.VirtualPath = "/localhost_56831"
		Release.AspNetCompiler.PhysicalPath = "InboundTaxInterceptJob\PublishedIMS\"
		Release.AspNetCompiler.TargetPath = "PrecompiledWeb\localhost_56831\"
		Release.AspNetCompiler.Updateable = "true"
		Release.AspNetCompiler.ForceOverwrite = "true"
		Release.AspNetCompiler.FixedNames = "false"
		Release.AspNetCompiler.Debug = "False"
		VWDPort = "56831"
		SlnRelativePath = "InboundTaxInterceptJob\PublishedIMS\"
		DefaultWebSiteLanguage = "Visual Basic"
	EndProjectSection
EndProject
Project("{FAE04EC0-301F-11D3-BF4B-00C04F79EFBC}") = "_TestHarness", "InboundTaxInterceptJob\_TestHarness\_TestHarness.csproj", "{AD03C43A-7312-4D93-AA87-724D42E6B93A}"
EndProject
Project("{FAE04EC0-301F-11D3-BF4B-00C04F79EFBC}") = "TaxInterceptJob", "InboundTaxInterceptJob\ApiJobTemplate\TaxInterceptJob.csproj", "{6628D833-07BF-44A9-8787-4D0F9FBD78A1}"
EndProject
Global
	GlobalSection(SolutionConfigurationPlatforms) = preSolution
		Debug|Any CPU = Debug|Any CPU
		Release|Any CPU = Release|Any CPU
	EndGlobalSection
	GlobalSection(ProjectConfigurationPlatforms) = postSolution
		{A1B3F2D4-E5F9-4603-A842-1463290DB7F0}.Debug|Any CPU.ActiveCfg = Debug|Any CPU
		{A1B3F2D4-E5F9-4603-A842-1463290DB7F0}.Debug|Any CPU.Build.0 = Debug|Any CPU
		{A1B3F2D4-E5F9-4603-A842-1463290DB7F0}.Release|Any CPU.ActiveCfg = Debug|Any CPU
		{A1B3F2D4-E5F9-4603-A842-1463290DB7F0}.Release|Any CPU.Build.0 = Debug|Any CPU
		{AD03C43A-7312-4D93-AA87-724D42E6B93A}.Debug|Any CPU.ActiveCfg = Debug|Any CPU
		{AD03C43A-7312-4D93-AA87-724D42E6B93A}.Debug|Any CPU.Build.0 = Debug|Any CPU
		{AD03C43A-7312-4D93-AA87-724D42E6B93A}.Release|Any CPU.ActiveCfg = Release|Any CPU
		{AD03C43A-7312-4D93-AA87-724D42E6B93A}.Release|Any CPU.Build.0 = Release|Any CPU
		{6628D833-07BF-44A9-8787-4D0F9FBD78A1}.Debug|Any CPU.ActiveCfg = Debug|Any CPU
		{6628D833-07BF-44A9-8787-4D0F9FBD78A1}.Debug|Any CPU.Build.0 = Debug|Any CPU
		{6628D833-07BF-44A9-8787-4D0F9FBD78A1}.Release|Any CPU.ActiveCfg = Release|Any CPU
		{6628D833-07BF-44A9-8787-4D0F9FBD78A1}.Release|Any CPU.Build.0 = Release|Any CPU
	EndGlobalSection
	GlobalSection(SolutionProperties) = preSolution
		HideSolutionNode = FALSE
	EndGlobalSection
EndGlobal
